{
  "requires": true,
  "lockfileVersion": 1,
  "dependencies": {
    "async": {
      "version": "1.5.2",
      "resolved": "http://registry.npm.taobao.org/async/download/async-1.5.2.tgz"
    },
    "bluebird": {
      "version": "3.5.1",
      "resolved": "https://registry.npmjs.org/bluebird/-/bluebird-3.5.1.tgz",
      "integrity": "sha512-MKiLiV+I1AA596t9w1sQJ8jkiSr5+ZKi0WKrYGUn6d1Fx+Ij4tIj+m2WMQSGczs5jZVxV339chE8iwk6F64wjA=="
    },
    "colors": {
      "version": "1.0.3",
      "resolved": "http://registry.npm.taobao.org/colors/download/colors-1.0.3.tgz"
    },
    "corser": {
      "version": "2.0.1",
      "resolved": "http://registry.npm.taobao.org/corser/download/corser-2.0.1.tgz"
    },
    "debug": {
      "version": "3.1.0",
      "resolved": "http://registry.npm.taobao.org/debug/download/debug-3.1.0.tgz",
      "requires": {
        "ms": "2.0.0"
      },
      "dependencies": {
        "ms": {
          "version": "2.0.0",
          "bundled": true
        }
      }
    },
    "ecstatic": {
      "version": "3.2.0",
      "resolved": "http://registry.npm.taobao.org/ecstatic/download/ecstatic-3.2.0.tgz",
      "requires": {
        "he": "1.1.1",
        "mime": "1.6.0",
        "minimist": "1.2.0",
        "url-join": "2.0.5"
      },
      "dependencies": {
        "he": {
          "version": "1.1.1",
          "bundled": true
        },
        "mime": {
          "version": "1.6.0",
          "bundled": true
        },
        "minimist": {
          "version": "1.2.0",
          "bundled": true
        },
        "url-join": {
          "version": "2.0.5",
          "bundled": true
        }
      }
    },
    "eventemitter3": {
      "version": "3.1.0",
      "resolved": "http://registry.npm.taobao.org/eventemitter3/download/eventemitter3-3.1.0.tgz"
    },
    "follow-redirects": {
      "version": "1.4.1",
      "resolved": "http://registry.npm.taobao.org/follow-redirects/download/follow-redirects-1.4.1.tgz",
      "requires": {
        "debug": "3.1.0"
      },
      "dependencies": {
        "debug": {
          "version": "3.1.0",
          "bundled": true,
          "requires": {
            "ms": "2.0.0"
          },
          "dependencies": {
            "ms": {
              "version": "2.0.0",
              "bundled": true
            }
          }
        }
      }
    },
    "he": {
      "version": "1.1.1",
      "resolved": "http://registry.npm.taobao.org/he/download/he-1.1.1.tgz"
    },
    "http-proxy": {
      "version": "1.17.0",
      "resolved": "http://registry.npm.taobao.org/http-proxy/download/http-proxy-1.17.0.tgz",
      "requires": {
        "eventemitter3": "3.1.0",
        "follow-redirects": "1.4.1",
        "requires-port": "1.0.0"
      },
      "dependencies": {
        "eventemitter3": {
          "version": "3.1.0",
          "bundled": true
        },
        "follow-redirects": {
          "version": "1.4.1",
          "bundled": true,
          "requires": {
            "debug": "3.1.0"
          },
          "dependencies": {
            "debug": {
              "version": "3.1.0",
              "bundled": true,
              "requires": {
                "ms": "2.0.0"
              },
              "dependencies": {}
            }
          }
        },
        "requires-port": {
          "version": "1.0.0",
          "bundled": true
        }
      }
    },
    "http-server": {
      "version": "0.11.1",
      "resolved": "http://registry.npm.taobao.org/http-server/download/http-server-0.11.1.tgz",
      "requires": {
        "colors": "1.0.3",
        "corser": "2.0.1",
        "ecstatic": "3.2.0",
        "http-proxy": "1.17.0",
        "opener": "1.4.3",
        "optimist": "0.6.1",
        "portfinder": "1.0.13",
        "union": "0.4.6"
      },
      "dependencies": {
        "colors": {
          "version": "1.0.3",
          "bundled": true
        },
        "corser": {
          "version": "2.0.1",
          "bundled": true
        },
        "ecstatic": {
          "version": "3.2.0",
          "bundled": true,
          "requires": {
            "he": "1.1.1",
            "mime": "1.6.0",
            "minimist": "1.2.0",
            "url-join": "2.0.5"
          },
          "dependencies": {
            "he": {
              "version": "1.1.1",
              "bundled": true
            },
            "mime": {
              "version": "1.6.0",
              "bundled": true
            },
            "minimist": {
              "version": "1.2.0",
              "bundled": true
            },
            "url-join": {
              "version": "2.0.5",
              "bundled": true
            }
          }
        },
        "http-proxy": {
          "version": "1.17.0",
          "bundled": true,
          "requires": {
            "eventemitter3": "3.1.0",
            "follow-redirects": "1.4.1",
            "requires-port": "1.0.0"
          },
          "dependencies": {
            "eventemitter3": {
              "version": "3.1.0",
              "bundled": true
            },
            "follow-redirects": {
              "version": "1.4.1",
              "bundled": true,
              "requires": {
                "debug": "3.1.0"
              },
              "dependencies": {}
            },
            "requires-port": {
              "version": "1.0.0",
              "bundled": true
            }
          }
        },
        "opener": {
          "version": "1.4.3",
          "bundled": true
        },
        "optimist": {
          "version": "0.6.1",
          "bundled": true,
          "requires": {
            "minimist": "0.0.10",
            "wordwrap": "0.0.3"
          },
          "dependencies": {
            "minimist": {
              "version": "0.0.10",
              "bundled": true
            },
            "wordwrap": {
              "version": "0.0.3",
              "bundled": true
            }
          }
        },
        "portfinder": {
          "version": "1.0.13",
          "bundled": true,
          "requires": {
            "async": "1.5.2",
            "debug": "2.6.9",
            "mkdirp": "0.5.1"
          },
          "dependencies": {
            "async": {
              "version": "1.5.2",
              "bundled": true
            },
            "debug": {
              "version": "2.6.9",
              "bundled": true,
              "requires": {
                "ms": "2.0.0"
              },
              "dependencies": {
                "ms": {
                  "version": "2.0.0",
                  "bundled": true
                }
              }
            },
            "mkdirp": {
              "version": "0.5.1",
              "bundled": true,
              "requires": {
                "minimist": "0.0.8"
              },
              "dependencies": {
                "minimist": {
                  "version": "0.0.8",
                  "bundled": true
                }
              }
            }
          }
        },
        "union": {
          "version": "0.4.6",
          "bundled": true,
          "requires": {
            "qs": "2.3.3"
          },
          "dependencies": {
            "qs": {
              "version": "2.3.3",
              "bundled": true
            }
          }
        }
      }
    },
    "mime": {
      "version": "1.6.0",
      "resolved": "http://registry.npm.taobao.org/mime/download/mime-1.6.0.tgz"
    },
    "minimist": {
      "version": "1.2.0",
      "resolved": "http://registry.npm.taobao.org/minimist/download/minimist-1.2.0.tgz"
    },
    "mkdirp": {
      "version": "0.5.1",
      "resolved": "http://registry.npm.taobao.org/mkdirp/download/mkdirp-0.5.1.tgz",
      "requires": {
        "minimist": "0.0.8"
      },
      "dependencies": {
        "minimist": {
          "version": "0.0.8",
          "bundled": true
        }
      }
    },
    "ms": {
      "version": "2.0.0",
      "resolved": "http://registry.npm.taobao.org/ms/download/ms-2.0.0.tgz"
    },
    "opener": {
      "version": "1.4.3",
      "resolved": "http://registry.npm.taobao.org/opener/download/opener-1.4.3.tgz"
    },
    "optimist": {
      "version": "0.6.1",
      "resolved": "http://registry.npm.taobao.org/optimist/download/optimist-0.6.1.tgz",
      "requires": {
        "minimist": "0.0.10",
        "wordwrap": "0.0.3"
      },
      "dependencies": {
        "minimist": {
          "version": "0.0.10",
          "bundled": true
        },
        "wordwrap": {
          "version": "0.0.3",
          "bundled": true
        }
      }
    },
    "portfinder": {
      "version": "1.0.13",
      "resolved": "http://registry.npm.taobao.org/portfinder/download/portfinder-1.0.13.tgz",
      "requires": {
        "async": "1.5.2",
        "debug": "2.6.9",
        "mkdirp": "0.5.1"
      },
      "dependencies": {
        "async": {
          "version": "1.5.2",
          "bundled": true
        },
        "debug": {
          "version": "2.6.9",
          "bundled": true,
          "requires": {
            "ms": "2.0.0"
          },
          "dependencies": {}
        },
        "mkdirp": {
          "version": "0.5.1",
          "bundled": true,
          "requires": {
            "minimist": "0.0.8"
          },
          "dependencies": {}
        }
      }
    },
    "qs": {
      "version": "2.3.3",
      "resolved": "http://registry.npm.taobao.org/qs/download/qs-2.3.3.tgz"
    },
    "requires-port": {
      "version": "1.0.0",
      "resolved": "http://registry.npm.taobao.org/requires-port/download/requires-port-1.0.0.tgz"
    },
    "union": {
      "version": "0.4.6",
      "resolved": "http://registry.npm.taobao.org/union/download/union-0.4.6.tgz",
      "requires": {
        "qs": "2.3.3"
      },
      "dependencies": {
        "qs": {
          "version": "2.3.3",
          "bundled": true
        }
      }
    },
    "url-join": {
      "version": "2.0.5",
      "resolved": "http://registry.npm.taobao.org/url-join/download/url-join-2.0.5.tgz"
    },
    "wordwrap": {
      "version": "0.0.3",
      "resolved": "http://registry.npm.taobao.org/wordwrap/download/wordwrap-0.0.3.tgz"
    }
  }
}
